// !$*UTF8*$!
{
	archiveVersion = 1;
	classes = {
	};
	objectVersion = 56;
	objects = {

/* Begin PBXBuildFile section */
		560AC14C2FCC86A700871752 /* Favorites.storyboard in Resources */ = {isa = PBXBuildFile; fileRef = 560AC1432FCC86A700871752 /* Favorites.storyboard */; };
		560AC14D2FCC86A700871752 /* Main.storyboard in Resources */ = {isa = PBXBuildFile; fileRef = 560AC1482FCC86A700871752 /* Main.storyboard */; };
		560AC14E2FCC86A700871752 /* league.storyboard in Resources */ = {isa = PBXBuildFile; fileRef = 560AC1462FCC86A700871752 /* league.storyboard */; };
		560AC14F2FCC86A700871752 /* LaunchScreen.storyboard in Resources */ = {isa = PBXBuildFile; fileRef = 560AC1452FCC86A700871752 /* LaunchScreen.storyboard */; };
		560AC1502FCC86A700871752 /* SquadScreen.storyboard in Resources */ = {isa = PBXBuildFile; fileRef = 560AC14A2FCC86A700871752 /* SquadScreen.storyboard */; };
		560AC1512FCC86A700871752 /* MainLeague.storyboard in Resources */ = {isa = PBXBuildFile; fileRef = 560AC1492FCC86A700871752 /* MainLeague.storyboard */; };
		560EF2FC2FCF115500311F6E /* sporty.xcdatamodeld in Sources */ = {isa = PBXBuildFile; fileRef = 560EF2FA2FCF115500311F6E /* sporty.xcdatamodeld */; };
		5660EC4B2FCC808C006758A3 /* FavoriteTableViewCell.swift in Sources */ = {isa = PBXBuildFile; fileRef = 5660EC492FCC808C006758A3 /* FavoriteTableViewCell.swift */; };
		5660EC4C2FCC808C006758A3 /* FavoritesTableViewController.swift in Sources */ = {isa = PBXBuildFile; fileRef = 5660EC482FCC808C006758A3 /* FavoritesTableViewController.swift */; };
		567D2D342FD1F570001B367A /* TennisPlayerProfile.storyboard in Resources */ = {isa = PBXBuildFile; fileRef = 567D2D332FD1F570001B367A /* TennisPlayerProfile.storyboard */; };
		567D2D3D2FD1FCEE001B367A /* TennisPlayer.swift in Sources */ = {isa = PBXBuildFile; fileRef = 567D2D3C2FD1FCEE001B367A /* TennisPlayer.swift */; };
		56916A732FBF1F500011E66B /* HomeViewController.swift in Sources */ = {isa = PBXBuildFile; fileRef = 56916A702FBF1F500011E66B /* HomeViewController.swift */; };
		56916A742FBF1F500011E66B /* SportsCell.swift in Sources */ = {isa = PBXBuildFile; fileRef = 56916A712FBF1F500011E66B /* SportsCell.swift */; };
		56916A752FBF1F500011E66B /* HomePresenter.swift in Sources */ = {isa = PBXBuildFile; fileRef = 56916A722FBF1F500011E66B /* HomePresenter.swift */; };
		56918A7C2FCDABDE00FD9731 /* LeaguePresenter.swift in Sources */ = {isa = PBXBuildFile; fileRef = 56918A7A2FCDABDE00FD9731 /* LeaguePresenter.swift */; };
		56918A7F2FCDB15C00FD9731 /* (null) in Frameworks */ = {isa = PBXBuildFile; };
		56918A812FCDB15C00FD9731 /* (null) in Frameworks */ = {isa = PBXBuildFile; };
		569B54C62FD05F73008163F9 /* Fixtures.swift in Sources */ = {isa = PBXBuildFile; fileRef = 569B54BF2FD05F73008163F9 /* Fixtures.swift */; };
		569B54C72FD05F73008163F9 /* Team.swift in Sources */ = {isa = PBXBuildFile; fileRef = 569B54C32FD05F73008163F9 /* Team.swift */; };
		569B54C82FD05F73008163F9 /* LeagueTeam.swift in Sources */ = {isa = PBXBuildFile; fileRef = 569B54C12FD05F73008163F9 /* LeagueTeam.swift */; };
		569B54C92FD05F73008163F9 /* League.swift in Sources */ = {isa = PBXBuildFile; fileRef = 569B54C02FD05F73008163F9 /* League.swift */; };
		569B54CA2FD05F73008163F9 /* Player.swift in Sources */ = {isa = PBXBuildFile; fileRef = 569B54C22FD05F73008163F9 /* Player.swift */; };
		569B54CB2FD05F73008163F9 /* UpcomingMatches.swift in Sources */ = {isa = PBXBuildFile; fileRef = 569B54C42FD05F73008163F9 /* UpcomingMatches.swift */; };
		569B54CE2FD05FB2008163F9 /* CoreData.swift in Sources */ = {isa = PBXBuildFile; fileRef = 569B54CC2FD05FB2008163F9 /* CoreData.swift */; };
		569B54D12FD05FCC008163F9 /* FavoritePresenter.swift in Sources */ = {isa = PBXBuildFile; fileRef = 569B54CF2FD05FCC008163F9 /* FavoritePresenter.swift */; };
		569B54D52FD05FE6008163F9 /* FavoritesTableViewController.swift in Sources */ = {isa = PBXBuildFile; fileRef = 569B54D22FD05FE6008163F9 /* FavoritesTableViewController.swift */; };
		569B54D62FD05FE6008163F9 /* FavoriteTableViewCell.swift in Sources */ = {isa = PBXBuildFile; fileRef = 569B54D32FD05FE6008163F9 /* FavoriteTableViewCell.swift */; };
		56C33E542FCC82CF00DED72C /* LeagueViewController.swift in Sources */ = {isa = PBXBuildFile; fileRef = 56C33E512FCC82CF00DED72C /* LeagueViewController.swift */; };
		56C33E552FCC82CF00DED72C /* LeagueCell.swift in Sources */ = {isa = PBXBuildFile; fileRef = 56C33E502FCC82CF00DED72C /* LeagueCell.swift */; };
		56C33E5A2FCC82E100DED72C /* PlayerTableViewCell.swift in Sources */ = {isa = PBXBuildFile; fileRef = 56C33E562FCC82E100DED72C /* PlayerTableViewCell.swift */; };
		56C33E5B2FCC82E100DED72C /* SquadViewController.swift in Sources */ = {isa = PBXBuildFile; fileRef = 56C33E572FCC82E100DED72C /* SquadViewController.swift */; };
		56EDF9AA2FD1C539001DC70B /* TennisFixtures.swift in Sources */ = {isa = PBXBuildFile; fileRef = 56EDF9A92FD1C539001DC70B /* TennisFixtures.swift */; };
		56FDA1E62FD053C1006798A3 /* UpComingEventCellCollectionViewCell.swift in Sources */ = {isa = PBXBuildFile; fileRef = 56FDA1E22FD053C1006798A3 /* UpComingEventCellCollectionViewCell.swift */; };
		56FDA1E72FD053C1006798A3 /* MainLeagueViewController.swift in Sources */ = {isa = PBXBuildFile; fileRef = 56FDA1E02FD053C1006798A3 /* MainLeagueViewController.swift */; };
		56FDA1E82FD053C1006798A3 /* MainLeaguePresenter.swift in Sources */ = {isa = PBXBuildFile; fileRef = 56FDA1E42FD053C1006798A3 /* MainLeaguePresenter.swift */; };
		56FDA1E92FD053C1006798A3 /* LatestCollectionViewCell.swift in Sources */ = {isa = PBXBuildFile; fileRef = 56FDA1DF2FD053C1006798A3 /* LatestCollectionViewCell.swift */; };
		56FDA1EA2FD053C1006798A3 /* TeamCollectionViewCell.swift in Sources */ = {isa = PBXBuildFile; fileRef = 56FDA1E12FD053C1006798A3 /* TeamCollectionViewCell.swift */; };
		E02A69132FBF0E3400CF6BE2 /* AppDelegate.swift in Sources */ = {isa = PBXBuildFile; fileRef = E02A69122FBF0E3400CF6BE2 /* AppDelegate.swift */; };
		E02A69152FBF0E3400CF6BE2 /* SceneDelegate.swift in Sources */ = {isa = PBXBuildFile; fileRef = E02A69142FBF0E3400CF6BE2 /* SceneDelegate.swift */; };
		E02A69172FBF0E3400CF6BE2 /* ViewController.swift in Sources */ = {isa = PBXBuildFile; fileRef = E02A69162FBF0E3400CF6BE2 /* ViewController.swift */; };
		E02A691C2FBF0E3700CF6BE2 /* Assets.xcassets in Resources */ = {isa = PBXBuildFile; fileRef = E02A691B2FBF0E3700CF6BE2 /* Assets.xcassets */; };
		E04498232FD05EC8001B2B64 /* Team.swift in Sources */ = {isa = PBXBuildFile; fileRef = E044981D2FD05EC8001B2B64 /* Team.swift */; };
		E04498242FD05EC8001B2B64 /* UpcomingMatches.swift in Sources */ = {isa = PBXBuildFile; fileRef = E044981E2FD05EC8001B2B64 /* UpcomingMatches.swift */; };
		E04498252FD05EC8001B2B64 /* LeagueTeam.swift in Sources */ = {isa = PBXBuildFile; fileRef = E044981F2FD05EC8001B2B64 /* LeagueTeam.swift */; };
		E04498262FD05EC8001B2B64 /* League.swift in Sources */ = {isa = PBXBuildFile; fileRef = E04498202FD05EC8001B2B64 /* League.swift */; };
		E04498272FD05EC8001B2B64 /* Player.swift in Sources */ = {isa = PBXBuildFile; fileRef = E04498212FD05EC8001B2B64 /* Player.swift */; };
		E04498282FD05EC8001B2B64 /* Fixtures.swift in Sources */ = {isa = PBXBuildFile; fileRef = E04498222FD05EC8001B2B64 /* Fixtures.swift */; };
		E0B2DBB02FD1C27600AC2F8D /* Alamofire in Frameworks */ = {isa = PBXBuildFile; productRef = E0B2DBAF2FD1C27600AC2F8D /* Alamofire */; };
		E0B2DBB22FD1C9FF00AC2F8D /* ReachabilityManager.swift in Sources */ = {isa = PBXBuildFile; fileRef = E0B2DBB12FD1C9FF00AC2F8D /* ReachabilityManager.swift */; };
		E0C2723B2FCDB00100609BE2 /* NetworkManager.swift in Sources */ = {isa = PBXBuildFile; fileRef = E0C2723A2FCDB00100609BE2 /* NetworkManager.swift */; };
		E0C272452FCDB94F00609BE2 /* SquadPresenterProtocol.swift in Sources */ = {isa = PBXBuildFile; fileRef = E0C272442FCDB94F00609BE2 /* SquadPresenterProtocol.swift */; };
		E0C272472FCDB9A900609BE2 /* SqaudPresenter.swift in Sources */ = {isa = PBXBuildFile; fileRef = E0C272462FCDB9A900609BE2 /* SqaudPresenter.swift */; };
		E0D8063F2FD0624F00729663 /* SDWebImage in Frameworks */ = {isa = PBXBuildFile; productRef = E0D8063E2FD0624F00729663 /* SDWebImage */; };
		E0D806412FD0624F00729663 /* SDWebImageMapKit in Frameworks */ = {isa = PBXBuildFile; productRef = E0D806402FD0624F00729663 /* SDWebImageMapKit */; };
		E0D806442FD062B800729663 /* FavoritePresenter.swift in Sources */ = {isa = PBXBuildFile; fileRef = E0D806432FD062B700729663 /* FavoritePresenter.swift */; };
		E0D806472FD0630300729663 /* CoreData.swift in Sources */ = {isa = PBXBuildFile; fileRef = E0D806462FD0630200729663 /* CoreData.swift */; };
/* End PBXBuildFile section */

/* Begin PBXContainerItemProxy section */
/* End PBXContainerItemProxy section */

/* Begin PBXCopyFilesBuildPhase section */
		567E121A2FCF277B00D806E5 /* Embed Frameworks */ = {
			isa = PBXCopyFilesBuildPhase;
			buildActionMask = 2147483647;
			dstPath = "";
			dstSubfolderSpec = 10;
			files = (
			);
			name = "Embed Frameworks";
			runOnlyForDeploymentPostprocessing = 0;
		};
/* End PBXCopyFilesBuildPhase section */

/* Begin PBXFileReference section */
		560AC1432FCC86A700871752 /* Favorites.storyboard */ = {isa = PBXFileReference; lastKnownFileType = file.storyboard; path = Favorites.storyboard; sourceTree = "<group>"; };
		560AC1442FCC86A700871752 /* Base */ = {isa = PBXFileReference; lastKnownFileType = file.storyboard; name = Base; path = Base.lproj/LaunchScreen.storyboard; sourceTree = "<group>"; };
		560AC1462FCC86A700871752 /* league.storyboard */ = {isa = PBXFileReference; lastKnownFileType = file.storyboard; path = league.storyboard; sourceTree = "<group>"; };
		560AC1472FCC86A700871752 /* Base */ = {isa = PBXFileReference; lastKnownFileType = file.storyboard; name = Base; path = Base.lproj/Main.storyboard; sourceTree = "<group>"; };
		560AC1492FCC86A700871752 /* MainLeague.storyboard */ = {isa = PBXFileReference; lastKnownFileType = file.storyboard; path = MainLeague.storyboard; sourceTree = "<group>"; };
		560AC14A2FCC86A700871752 /* SquadScreen.storyboard */ = {isa = PBXFileReference; lastKnownFileType = file.storyboard; path = SquadScreen.storyboard; sourceTree = "<group>"; };
		560EF2FB2FCF115500311F6E /* sporty.xcdatamodel */ = {isa = PBXFileReference; lastKnownFileType = wrapper.xcdatamodel; path = sporty.xcdatamodel; sourceTree = "<group>"; };
		5660EC482FCC808C006758A3 /* FavoritesTableViewController.swift */ = {isa = PBXFileReference; lastKnownFileType = sourcecode.swift; path = FavoritesTableViewController.swift; sourceTree = "<group>"; };
		5660EC492FCC808C006758A3 /* FavoriteTableViewCell.swift */ = {isa = PBXFileReference; lastKnownFileType = sourcecode.swift; path = FavoriteTableViewCell.swift; sourceTree = "<group>"; };
		567D2D332FD1F570001B367A /* TennisPlayerProfile.storyboard */ = {isa = PBXFileReference; lastKnownFileType = file.storyboard; path = TennisPlayerProfile.storyboard; sourceTree = "<group>"; };
		567D2D3C2FD1FCEE001B367A /* TennisPlayer.swift */ = {isa = PBXFileReference; lastKnownFileType = sourcecode.swift; path = TennisPlayer.swift; sourceTree = "<group>"; };
		568C66A32FD31683005FB5EA /* sportyTests.xctest */ = {isa = PBXFileReference; explicitFileType = wrapper.cfbundle; includeInIndex = 0; path = sportyTests.xctest; sourceTree = BUILT_PRODUCTS_DIR; };
		56916A702FBF1F500011E66B /* HomeViewController.swift */ = {isa = PBXFileReference; lastKnownFileType = sourcecode.swift; path = HomeViewController.swift; sourceTree = "<group>"; };
		56916A712FBF1F500011E66B /* SportsCell.swift */ = {isa = PBXFileReference; lastKnownFileType = sourcecode.swift; path = SportsCell.swift; sourceTree = "<group>"; };
		56916A722FBF1F500011E66B /* HomePresenter.swift */ = {isa = PBXFileReference; lastKnownFileType = sourcecode.swift; path = HomePresenter.swift; sourceTree = "<group>"; };
		56918A7A2FCDABDE00FD9731 /* LeaguePresenter.swift */ = {isa = PBXFileReference; lastKnownFileType = sourcecode.swift; path = LeaguePresenter.swift; sourceTree = "<group>"; };
		569B54BF2FD05F73008163F9 /* Fixtures.swift */ = {isa = PBXFileReference; lastKnownFileType = sourcecode.swift; path = Fixtures.swift; sourceTree = "<group>"; };
		569B54C02FD05F73008163F9 /* League.swift */ = {isa = PBXFileReference; lastKnownFileType = sourcecode.swift; path = League.swift; sourceTree = "<group>"; };
		569B54C12FD05F73008163F9 /* LeagueTeam.swift */ = {isa = PBXFileReference; lastKnownFileType = sourcecode.swift; path = LeagueTeam.swift; sourceTree = "<group>"; };
		569B54C22FD05F73008163F9 /* Player.swift */ = {isa = PBXFileReference; lastKnownFileType = sourcecode.swift; path = Player.swift; sourceTree = "<group>"; };
		569B54C32FD05F73008163F9 /* Team.swift */ = {isa = PBXFileReference; lastKnownFileType = sourcecode.swift; path = Team.swift; sourceTree = "<group>"; };
		569B54C42FD05F73008163F9 /* UpcomingMatches.swift */ = {isa = PBXFileReference; lastKnownFileType = sourcecode.swift; path = UpcomingMatches.swift; sourceTree = "<group>"; };
		569B54CC2FD05FB2008163F9 /* CoreData.swift */ = {isa = PBXFileReference; lastKnownFileType = sourcecode.swift; path = CoreData.swift; sourceTree = "<group>"; };
		569B54CF2FD05FCC008163F9 /* FavoritePresenter.swift */ = {isa = PBXFileReference; lastKnownFileType = sourcecode.swift; path = FavoritePresenter.swift; sourceTree = "<group>"; };
		569B54D22FD05FE6008163F9 /* FavoritesTableViewController.swift */ = {isa = PBXFileReference; lastKnownFileType = sourcecode.swift; path = FavoritesTableViewController.swift; sourceTree = "<group>"; };
		569B54D32FD05FE6008163F9 /* FavoriteTableViewCell.swift */ = {isa = PBXFileReference; lastKnownFileType = sourcecode.swift; path = FavoriteTableViewCell.swift; sourceTree = "<group>"; };
		56C33E502FCC82CF00DED72C /* LeagueCell.swift */ = {isa = PBXFileReference; lastKnownFileType = sourcecode.swift; path = LeagueCell.swift; sourceTree = "<group>"; };
		56C33E512FCC82CF00DED72C /* LeagueViewController.swift */ = {isa = PBXFileReference; lastKnownFileType = sourcecode.swift; path = LeagueViewController.swift; sourceTree = "<group>"; };
		56C33E562FCC82E100DED72C /* PlayerTableViewCell.swift */ = {isa = PBXFileReference; lastKnownFileType = sourcecode.swift; path = PlayerTableViewCell.swift; sourceTree = "<group>"; };
		56C33E572FCC82E100DED72C /* SquadViewController.swift */ = {isa = PBXFileReference; lastKnownFileType = sourcecode.swift; path = SquadViewController.swift; sourceTree = "<group>"; };
		56EDF9A92FD1C539001DC70B /* TennisFixtures.swift */ = {isa = PBXFileReference; lastKnownFileType = sourcecode.swift; path = TennisFixtures.swift; sourceTree = "<group>"; };
		56FDA1DF2FD053C1006798A3 /* LatestCollectionViewCell.swift */ = {isa = PBXFileReference; lastKnownFileType = sourcecode.swift; path = LatestCollectionViewCell.swift; sourceTree = "<group>"; };
		56FDA1E02FD053C1006798A3 /* MainLeagueViewController.swift */ = {isa = PBXFileReference; lastKnownFileType = sourcecode.swift; path = MainLeagueViewController.swift; sourceTree = "<group>"; };
		56FDA1E12FD053C1006798A3 /* TeamCollectionViewCell.swift */ = {isa = PBXFileReference; lastKnownFileType = sourcecode.swift; path = TeamCollectionViewCell.swift; sourceTree = "<group>"; };
		56FDA1E22FD053C1006798A3 /* UpComingEventCellCollectionViewCell.swift */ = {isa = PBXFileReference; lastKnownFileType = sourcecode.swift; path = UpComingEventCellCollectionViewCell.swift; sourceTree = "<group>"; };
		56FDA1E42FD053C1006798A3 /* MainLeaguePresenter.swift */ = {isa = PBXFileReference; lastKnownFileType = sourcecode.swift; path = MainLeaguePresenter.swift; sourceTree = "<group>"; };
		E02A690F2FBF0E3400CF6BE2 /* sporty.app */ = {isa = PBXFileReference; explicitFileType = wrapper.application; includeInIndex = 0; path = sporty.app; sourceTree = BUILT_PRODUCTS_DIR; };
		E02A69122FBF0E3400CF6BE2 /* AppDelegate.swift */ = {isa = PBXFileReference; lastKnownFileType = sourcecode.swift; path = AppDelegate.swift; sourceTree = "<group>"; };
		E02A69142FBF0E3400CF6BE2 /* SceneDelegate.swift */ = {isa = PBXFileReference; lastKnownFileType = sourcecode.swift; path = SceneDelegate.swift; sourceTree = "<group>"; };
		E02A69162FBF0E3400CF6BE2 /* ViewController.swift */ = {isa = PBXFileReference; lastKnownFileType = sourcecode.swift; path = ViewController.swift; sourceTree = "<group>"; };
		E02A691B2FBF0E3700CF6BE2 /* Assets.xcassets */ = {isa = PBXFileReference; lastKnownFileType = folder.assetcatalog; path = Assets.xcassets; sourceTree = "<group>"; };
		E02A69202FBF0E3700CF6BE2 /* Info.plist */ = {isa = PBXFileReference; lastKnownFileType = text.plist.xml; path = Info.plist; sourceTree = "<group>"; };
		E044981D2FD05EC8001B2B64 /* Team.swift */ = {isa = PBXFileReference; fileEncoding = 4; lastKnownFileType = sourcecode.swift; path = Team.swift; sourceTree = "<group>"; };
		E044981E2FD05EC8001B2B64 /* UpcomingMatches.swift */ = {isa = PBXFileReference; fileEncoding = 4; lastKnownFileType = sourcecode.swift; path = UpcomingMatches.swift; sourceTree = "<group>"; };
		E044981F2FD05EC8001B2B64 /* LeagueTeam.swift */ = {isa = PBXFileReference; fileEncoding = 4; lastKnownFileType = sourcecode.swift; path = LeagueTeam.swift; sourceTree = "<group>"; };
		E04498202FD05EC8001B2B64 /* League.swift */ = {isa = PBXFileReference; fileEncoding = 4; lastKnownFileType = sourcecode.swift; path = League.swift; sourceTree = "<group>"; };
		E04498212FD05EC8001B2B64 /* Player.swift */ = {isa = PBXFileReference; fileEncoding = 4; lastKnownFileType = sourcecode.swift; path = Player.swift; sourceTree = "<group>"; };
		E04498222FD05EC8001B2B64 /* Fixtures.swift */ = {isa = PBXFileReference; fileEncoding = 4; lastKnownFileType = sourcecode.swift; path = Fixtures.swift; sourceTree = "<group>"; };
		E0B2DBB12FD1C9FF00AC2F8D /* ReachabilityManager.swift */ = {isa = PBXFileReference; lastKnownFileType = sourcecode.swift; path = ReachabilityManager.swift; sourceTree = "<group>"; };
		E0C2723A2FCDB00100609BE2 /* NetworkManager.swift */ = {isa = PBXFileReference; lastKnownFileType = sourcecode.swift; path = NetworkManager.swift; sourceTree = "<group>"; };
		E0C272442FCDB94F00609BE2 /* SquadPresenterProtocol.swift */ = {isa = PBXFileReference; lastKnownFileType = sourcecode.swift; path = SquadPresenterProtocol.swift; sourceTree = "<group>"; };
		E0C272462FCDB9A900609BE2 /* SqaudPresenter.swift */ = {isa = PBXFileReference; lastKnownFileType = sourcecode.swift; path = SqaudPresenter.swift; sourceTree = "<group>"; };
		E0D806432FD062B700729663 /* FavoritePresenter.swift */ = {isa = PBXFileReference; fileEncoding = 4; lastKnownFileType = sourcecode.swift; path = FavoritePresenter.swift; sourceTree = "<group>"; };
		E0D806462FD0630200729663 /* CoreData.swift */ = {isa = PBXFileReference; fileEncoding = 4; lastKnownFileType = sourcecode.swift; path = CoreData.swift; sourceTree = "<group>"; };
/* End PBXFileReference section */

/* Begin PBXFileSystemSynchronizedRootGroup section */
		567D2D352FD1FAD5001B367A /* Tennis Player */ = {isa = PBXFileSystemSynchronizedRootGroup; explicitFileTypes = {}; explicitFolders = (); path = "Tennis Player"; sourceTree = "<group>"; };
		568C66A42FD31683005FB5EA /* sportyTests */ = {isa = PBXFileSystemSynchronizedRootGroup; explicitFileTypes = {}; explicitFolders = (); path = sportyTests; sourceTree = "<group>"; };
/* End PBXFileSystemSynchronizedRootGroup section */

/* Begin PBXFrameworksBuildPhase section */
		568C66A02FD31683005FB5EA /* Frameworks */ = {
			isa = PBXFrameworksBuildPhase;
			buildActionMask = 2147483647;
			files = (
			);
			runOnlyForDeploymentPostprocessing = 0;
		};
		E02A690C2FBF0E3400CF6BE2 /* Frameworks */ = {
			isa = PBXFrameworksBuildPhase;
			buildActionMask = 2147483647;
			files = (
				E0B2DBB02FD1C27600AC2F8D /* Alamofire in Frameworks */,
				E0D806412FD0624F00729663 /* SDWebImageMapKit in Frameworks */,
				56918A7F2FCDB15C00FD9731 /* (null) in Frameworks */,
				E0D8063F2FD0624F00729663 /* SDWebImage in Frameworks */,
				56918A812FCDB15C00FD9731 /* (null) in Frameworks */,
			);
			runOnlyForDeploymentPostprocessing = 0;
		};
/* End PBXFrameworksBuildPhase section */

/* Begin PBXGroup section */
		560AC14B2FCC86A700871752 /* View */ = {
			isa = PBXGroup;
			children = (
				560AC1432FCC86A700871752 /* Favorites.storyboard */,
				560AC1452FCC86A700871752 /* LaunchScreen.storyboard */,
				560AC1462FCC86A700871752 /* league.storyboard */,
				560AC1482FCC86A700871752 /* Main.storyboard */,
				560AC1492FCC86A700871752 /* MainLeague.storyboard */,
				560AC14A2FCC86A700871752 /* SquadScreen.storyboard */,
				567D2D332FD1F570001B367A /* TennisPlayerProfile.storyboard */,
			);
			path = View;
			sourceTree = "<group>";
		};
		5660EC4A2FCC808C006758A3 /* View */ = {
			isa = PBXGroup;
			children = (
				5660EC482FCC808C006758A3 /* FavoritesTableViewController.swift */,
				5660EC492FCC808C006758A3 /* FavoriteTableViewCell.swift */,
			);
			path = View;
			sourceTree = "<group>";
		};
		56916A6D2FBF1F080011E66B /* Model */ = {
			isa = PBXGroup;
			children = (
				569B54C52FD05F73008163F9 /* models */,
				E044981C2FD05EC8001B2B64 /* models */,
			);
			path = Model;
			sourceTree = "<group>";
		};
		56916A6F2FBF1F280011E66B /* Module */ = {
			isa = PBXGroup;
			children = (
				567D2D352FD1FAD5001B367A /* Tennis Player */,
				56FDA1E52FD053C1006798A3 /* Main League */,
				56C33E592FCC82E100DED72C /* SquadPage */,
				56C33E532FCC82CF00DED72C /* LeaguePage */,
				56C236002FC1EE3A00ADAEB7 /* Favorite */,
				56916A762FBF1F600011E66B /* Home */,
			);
			path = Module;
			sourceTree = "<group>";
		};
		56916A762FBF1F600011E66B /* Home */ = {
			isa = PBXGroup;
			children = (
				56916A772FBF1F700011E66B /* Home_View */,
				56916A782FBF1F800011E66B /* Presenter */,
			);
			path = Home;
			sourceTree = "<group>";
		};
		56916A772FBF1F700011E66B /* Home_View */ = {
			isa = PBXGroup;
			children = (
				56916A702FBF1F500011E66B /* HomeViewController.swift */,
				56916A712FBF1F500011E66B /* SportsCell.swift */,
			);
			path = Home_View;
			sourceTree = "<group>";
		};
		56916A782FBF1F800011E66B /* Presenter */ = {
			isa = PBXGroup;
			children = (
				56916A722FBF1F500011E66B /* HomePresenter.swift */,
			);
			path = Presenter;
			sourceTree = "<group>";
		};
		56918A7B2FCDABDE00FD9731 /* Presenter */ = {
			isa = PBXGroup;
			children = (
				56918A7A2FCDABDE00FD9731 /* LeaguePresenter.swift */,
			);
			path = Presenter;
			sourceTree = "<group>";
		};
		569B54C52FD05F73008163F9 /* models */ = {
			isa = PBXGroup;
			children = (
				569B54BF2FD05F73008163F9 /* Fixtures.swift */,
				569B54C02FD05F73008163F9 /* League.swift */,
				569B54C12FD05F73008163F9 /* LeagueTeam.swift */,
				569B54C22FD05F73008163F9 /* Player.swift */,
				569B54C32FD05F73008163F9 /* Team.swift */,
				569B54C42FD05F73008163F9 /* UpcomingMatches.swift */,
			);
			name = models;
			path = sporty/models;
			sourceTree = SOURCE_ROOT;
		};
		569B54CD2FD05FB2008163F9 /* localDataSource */ = {
			isa = PBXGroup;
			children = (
				569B54CC2FD05FB2008163F9 /* CoreData.swift */,
			);
			path = localDataSource;
			sourceTree = "<group>";
		};
		569B54D02FD05FCC008163F9 /* Presenter */ = {
			isa = PBXGroup;
			children = (
				569B54CF2FD05FCC008163F9 /* FavoritePresenter.swift */,
			);
			path = Presenter;
			sourceTree = "<group>";
		};
		569B54D42FD05FE6008163F9 /* View */ = {
			isa = PBXGroup;
			children = (
				569B54D22FD05FE6008163F9 /* FavoritesTableViewController.swift */,
				569B54D32FD05FE6008163F9 /* FavoriteTableViewCell.swift */,
			);
			path = View;
			sourceTree = "<group>";
		};
		56C236002FC1EE3A00ADAEB7 /* Favorite */ = {
			isa = PBXGroup;
			children = (
				569B54D42FD05FE6008163F9 /* View */,
				569B54D02FD05FCC008163F9 /* Presenter */,
				E0D806422FD062B700729663 /* Presenter */,
				5660EC4A2FCC808C006758A3 /* View */,
			);
			path = Favorite;
			sourceTree = "<group>";
		};
		56C33E522FCC82CF00DED72C /* View */ = {
			isa = PBXGroup;
			children = (
				56C33E502FCC82CF00DED72C /* LeagueCell.swift */,
				56C33E512FCC82CF00DED72C /* LeagueViewController.swift */,
			);
			path = View;
			sourceTree = "<group>";
		};
		56C33E532FCC82CF00DED72C /* LeaguePage */ = {
			isa = PBXGroup;
			children = (
				56918A7B2FCDABDE00FD9731 /* Presenter */,
				56C33E522FCC82CF00DED72C /* View */,
			);
			path = LeaguePage;
			sourceTree = "<group>";
		};
		56C33E582FCC82E100DED72C /* View */ = {
			isa = PBXGroup;
			children = (
				56C33E562FCC82E100DED72C /* PlayerTableViewCell.swift */,
				56C33E572FCC82E100DED72C /* SquadViewController.swift */,
			);
			path = View;
			sourceTree = "<group>";
		};
		56C33E592FCC82E100DED72C /* SquadPage */ = {
			isa = PBXGroup;
			children = (
				E0C272432FCDB8D500609BE2 /* Presenter */,
				56C33E582FCC82E100DED72C /* View */,
			);
			path = SquadPage;
			sourceTree = "<group>";
		};
		56FDA1E32FD053C1006798A3 /* View */ = {
			isa = PBXGroup;
			children = (
				56FDA1DF2FD053C1006798A3 /* LatestCollectionViewCell.swift */,
				56FDA1E02FD053C1006798A3 /* MainLeagueViewController.swift */,
				56FDA1E12FD053C1006798A3 /* TeamCollectionViewCell.swift */,
				56FDA1E22FD053C1006798A3 /* UpComingEventCellCollectionViewCell.swift */,
			);
			path = View;
			sourceTree = "<group>";
		};
		56FDA1E52FD053C1006798A3 /* Main League */ = {
			isa = PBXGroup;
			children = (
				56FDA1E32FD053C1006798A3 /* View */,
				56FDA1E42FD053C1006798A3 /* MainLeaguePresenter.swift */,
			);
			path = "Main League";
			sourceTree = "<group>";
		};
		E02A69062FBF0E3400CF6BE2 = {
			isa = PBXGroup;
			children = (
				E02A69112FBF0E3400CF6BE2 /* sporty */,
				568C66A42FD31683005FB5EA /* sportyTests */,
				E02A69102FBF0E3400CF6BE2 /* Products */,
			);
			sourceTree = "<group>";
		};
		E02A69102FBF0E3400CF6BE2 /* Products */ = {
			isa = PBXGroup;
			children = (
				E02A690F2FBF0E3400CF6BE2 /* sporty.app */,
				568C66A32FD31683005FB5EA /* sportyTests.xctest */,
			);
			name = Products;
			sourceTree = "<group>";
		};
		E02A69112FBF0E3400CF6BE2 /* sporty */ = {
			isa = PBXGroup;
			children = (
				569B54CD2FD05FB2008163F9 /* localDataSource */,
				E0D806452FD0630200729663 /* localDataSource */,
				E0C272392FCDAFE700609BE2 /* Network */,
				560AC14B2FCC86A700871752 /* View */,
				56916A6F2FBF1F280011E66B /* Module */,
				56916A6D2FBF1F080011E66B /* Model */,
				E02A69122FBF0E3400CF6BE2 /* AppDelegate.swift */,
				E02A69142FBF0E3400CF6BE2 /* SceneDelegate.swift */,
				E02A69162FBF0E3400CF6BE2 /* ViewController.swift */,
				E02A691B2FBF0E3700CF6BE2 /* Assets.xcassets */,
				E02A69202FBF0E3700CF6BE2 /* Info.plist */,
				560EF2FA2FCF115500311F6E /* sporty.xcdatamodeld */,
			);
			path = sporty;
			sourceTree = "<group>";
		};
		E044981C2FD05EC8001B2B64 /* models */ = {
			isa = PBXGroup;
			children = (
				E044981D2FD05EC8001B2B64 /* Team.swift */,
				E044981E2FD05EC8001B2B64 /* UpcomingMatches.swift */,
				E044981F2FD05EC8001B2B64 /* LeagueTeam.swift */,
				E04498202FD05EC8001B2B64 /* League.swift */,
				E04498212FD05EC8001B2B64 /* Player.swift */,
				E04498222FD05EC8001B2B64 /* Fixtures.swift */,
				56EDF9A92FD1C539001DC70B /* TennisFixtures.swift */,
				567D2D3C2FD1FCEE001B367A /* TennisPlayer.swift */,
			);
			name = models;
			path = sporty/models;
			sourceTree = SOURCE_ROOT;
		};
		E0C272392FCDAFE700609BE2 /* Network */ = {
			isa = PBXGroup;
			children = (
				E0C2723A2FCDB00100609BE2 /* NetworkManager.swift */,
				E0B2DBB12FD1C9FF00AC2F8D /* ReachabilityManager.swift */,
			);
			path = Network;
			sourceTree = "<group>";
		};
		E0C272432FCDB8D500609BE2 /* Presenter */ = {
			isa = PBXGroup;
			children = (
				E0C272442FCDB94F00609BE2 /* SquadPresenterProtocol.swift */,
				E0C272462FCDB9A900609BE2 /* SqaudPresenter.swift */,
			);
			path = Presenter;
			sourceTree = "<group>";
		};
		E0D806422FD062B700729663 /* Presenter */ = {
			isa = PBXGroup;
			children = (
				E0D806432FD062B700729663 /* FavoritePresenter.swift */,
			);
			path = Presenter;
			sourceTree = "<group>";
		};
		E0D806452FD0630200729663 /* localDataSource */ = {
			isa = PBXGroup;
			children = (
				E0D806462FD0630200729663 /* CoreData.swift */,
			);
			path = localDataSource;
			sourceTree = "<group>";
		};
/* End PBXGroup section */

/* Begin PBXNativeTarget section */
		568C66A22FD31683005FB5EA /* sportyTests */ = {
			isa = PBXNativeTarget;
			buildConfigurationList = 568C66AB2FD31683005FB5EA /* Build configuration list for PBXNativeTarget "sportyTests" */;
			buildPhases = (
				568C669F2FD31683005FB5EA /* Sources */,
				568C66A02FD31683005FB5EA /* Frameworks */,
				568C66A12FD31683005FB5EA /* Resources */,
			);
			buildRules = (
			);
			dependencies = (
			);
			fileSystemSynchronizedGroups = (
				568C66A42FD31683005FB5EA /* sportyTests */,
			);
			name = sportyTests;
			packageProductDependencies = (
			);
			productName = sportyTests;
			productReference = 568C66A32FD31683005FB5EA /* sportyTests.xctest */;
			productType = "com.apple.product-type.bundle.unit-test";
		};
		E02A690E2FBF0E3400CF6BE2 /* sporty */ = {
			isa = PBXNativeTarget;
			buildConfigurationList = E02A69232FBF0E3700CF6BE2 /* Build configuration list for PBXNativeTarget "sporty" */;
			buildPhases = (
				E02A690B2FBF0E3400CF6BE2 /* Sources */,
				E02A690C2FBF0E3400CF6BE2 /* Frameworks */,
				E02A690D2FBF0E3400CF6BE2 /* Resources */,
				567E121A2FCF277B00D806E5 /* Embed Frameworks */,
			);
			buildRules = (
			);
			dependencies = (
			);
			fileSystemSynchronizedGroups = (
				567D2D352FD1FAD5001B367A /* Tennis Player */,
			);
			name = sporty;
			packageProductDependencies = (
				E0D8063E2FD0624F00729663 /* SDWebImage */,
				E0D806402FD0624F00729663 /* SDWebImageMapKit */,
				E0B2DBAF2FD1C27600AC2F8D /* Alamofire */,
			);
			productName = sporty;
			productReference = E02A690F2FBF0E3400CF6BE2 /* sporty.app */;
			productType = "com.apple.product-type.application";
		};
/* End PBXNativeTarget section */

/* Begin PBXProject section */
		E02A69072FBF0E3400CF6BE2 /* Project object */ = {
			isa = PBXProject;
			attributes = {
				BuildIndependentTargetsInParallel = 1;
				LastSwiftUpdateCheck = 1600;
				LastUpgradeCheck = 1410;
				TargetAttributes = {
					568C66A22FD31683005FB5EA = {
						CreatedOnToolsVersion = 16.0;
						TestTargetID = E02A690E2FBF0E3400CF6BE2;
					};
					E02A690E2FBF0E3400CF6BE2 = {
						CreatedOnToolsVersion = 14.1;
					};
				};
			};
			buildConfigurationList = E02A690A2FBF0E3400CF6BE2 /* Build configuration list for PBXProject "sporty" */;
			compatibilityVersion = "Xcode 14.0";
			developmentRegion = en;
			hasScannedForEncodings = 0;
			knownRegions = (
				en,
				Base,
			);
			mainGroup = E02A69062FBF0E3400CF6BE2;
			packageReferences = (
				E0D8063D2FD0624E00729663 /* XCRemoteSwiftPackageReference "SDWebImage" */,
				E0B2DBAE2FD1C27600AC2F8D /* XCRemoteSwiftPackageReference "Alamofire" */,
			);
			productRefGroup = E02A69102FBF0E3400CF6BE2 /* Products */;
			projectDirPath = "";
			projectRoot = "";
			targets = (
				E02A690E2FBF0E3400CF6BE2 /* sporty */,
				568C66A22FD31683005FB5EA /* sportyTests */,
			);
		};
/* End PBXProject section */

/* Begin PBXResourcesBuildPhase section */
		568C66A12FD31683005FB5EA /* Resources */ = {
			isa = PBXResourcesBuildPhase;
			buildActionMask = 2147483647;
			files = (
			);
			runOnlyForDeploymentPostprocessing = 0;
		};
		E02A690D2FBF0E3400CF6BE2 /* Resources */ = {
			isa = PBXResourcesBuildPhase;
			buildActionMask = 2147483647;
			files = (
				560AC14C2FCC86A700871752 /* Favorites.storyboard in Resources */,
				560AC14D2FCC86A700871752 /* Main.storyboard in Resources */,
				560AC14E2FCC86A700871752 /* league.storyboard in Resources */,
				560AC14F2FCC86A700871752 /* LaunchScreen.storyboard in Resources */,
				567D2D342FD1F570001B367A /* TennisPlayerProfile.storyboard in Resources */,
				560AC1502FCC86A700871752 /* SquadScreen.storyboard in Resources */,
				560AC1512FCC86A700871752 /* MainLeague.storyboard in Resources */,
				E02A691C2FBF0E3700CF6BE2 /* Assets.xcassets in Resources */,
			);
			runOnlyForDeploymentPostprocessing = 0;
		};
/* End PBXResourcesBuildPhase section */

/* Begin PBXSourcesBuildPhase section */
		568C669F2FD31683005FB5EA /* Sources */ = {
			isa = PBXSourcesBuildPhase;
			buildActionMask = 2147483647;
			files = (
			);
			runOnlyForDeploymentPostprocessing = 0;
		};
		E02A690B2FBF0E3400CF6BE2 /* Sources */ = {
			isa = PBXSourcesBuildPhase;
			buildActionMask = 2147483647;
			files = (
				E0C2723B2FCDB00100609BE2 /* NetworkManager.swift in Sources */,
				569B54CE2FD05FB2008163F9 /* CoreData.swift in Sources */,
				E02A69172FBF0E3400CF6BE2 /* ViewController.swift in Sources */,
				569B54C62FD05F73008163F9 /* Fixtures.swift in Sources */,
				569B54C72FD05F73008163F9 /* Team.swift in Sources */,
				E0B2DBB22FD1C9FF00AC2F8D /* ReachabilityManager.swift in Sources */,
				569B54C82FD05F73008163F9 /* LeagueTeam.swift in Sources */,
				569B54C92FD05F73008163F9 /* League.swift in Sources */,
				569B54CA2FD05F73008163F9 /* Player.swift in Sources */,
				569B54CB2FD05F73008163F9 /* UpcomingMatches.swift in Sources */,
				56FDA1E62FD053C1006798A3 /* UpComingEventCellCollectionViewCell.swift in Sources */,
				56FDA1E72FD053C1006798A3 /* MainLeagueViewController.swift in Sources */,
				E0D806472FD0630300729663 /* CoreData.swift in Sources */,
				56FDA1E82FD053C1006798A3 /* MainLeaguePresenter.swift in Sources */,
				569B54D12FD05FCC008163F9 /* FavoritePresenter.swift in Sources */,
				56FDA1E92FD053C1006798A3 /* LatestCollectionViewCell.swift in Sources */,
				E04498262FD05EC8001B2B64 /* League.swift in Sources */,
				56FDA1EA2FD053C1006798A3 /* TeamCollectionViewCell.swift in Sources */,
				56C33E542FCC82CF00DED72C /* LeagueViewController.swift in Sources */,
				56C33E552FCC82CF00DED72C /* LeagueCell.swift in Sources */,
				E02A69132FBF0E3400CF6BE2 /* AppDelegate.swift in Sources */,
				5660EC4B2FCC808C006758A3 /* FavoriteTableViewCell.swift in Sources */,
				5660EC4C2FCC808C006758A3 /* FavoritesTableViewController.swift in Sources */,
				569B54D52FD05FE6008163F9 /* FavoritesTableViewController.swift in Sources */,
				569B54D62FD05FE6008163F9 /* FavoriteTableViewCell.swift in Sources */,
				56918A7C2FCDABDE00FD9731 /* LeaguePresenter.swift in Sources */,
				56C33E5A2FCC82E100DED72C /* PlayerTableViewCell.swift in Sources */,
				56C33E5B2FCC82E100DED72C /* SquadViewController.swift in Sources */,
				E04498252FD05EC8001B2B64 /* LeagueTeam.swift in Sources */,
				E02A69152FBF0E3400CF6BE2 /* SceneDelegate.swift in Sources */,
				56916A732FBF1F500011E66B /* HomeViewController.swift in Sources */,
				E04498282FD05EC8001B2B64 /* Fixtures.swift in Sources */,
				56EDF9AA2FD1C539001DC70B /* TennisFixtures.swift in Sources */,
				56916A742FBF1F500011E66B /* SportsCell.swift in Sources */,
				E0C272452FCDB94F00609BE2 /* SquadPresenterProtocol.swift in Sources */,
				E04498232FD05EC8001B2B64 /* Team.swift in Sources */,
				E0D806442FD062B800729663 /* FavoritePresenter.swift in Sources */,
				56916A752FBF1F500011E66B /* HomePresenter.swift in Sources */,
				567D2D3D2FD1FCEE001B367A /* TennisPlayer.swift in Sources */,
				E0C272472FCDB9A900609BE2 /* SqaudPresenter.swift in Sources */,
				560EF2FC2FCF115500311F6E /* sporty.xcdatamodeld in Sources */,
				E04498272FD05EC8001B2B64 /* Player.swift in Sources */,
				E04498242FD05EC8001B2B64 /* UpcomingMatches.swift in Sources */,
			);
			runOnlyForDeploymentPostprocessing = 0;
		};
/* End PBXSourcesBuildPhase section */

/* Begin PBXTargetDependency section */
/* End PBXTargetDependency section */

/* Begin PBXVariantGroup section */
		560AC1452FCC86A700871752 /* LaunchScreen.storyboard */ = {
			isa = PBXVariantGroup;
			children = (
				560AC1442FCC86A700871752 /* Base */,
			);
			name = LaunchScreen.storyboard;
			sourceTree = "<group>";
		};
		560AC1482FCC86A700871752 /* Main.storyboard */ = {
			isa = PBXVariantGroup;
			children = (
				560AC1472FCC86A700871752 /* Base */,
			);
			name = Main.storyboard;
			sourceTree = "<group>";
		};
/* End PBXVariantGroup section */

/* Begin XCBuildConfiguration section */
		568C66A92FD31683005FB5EA /* Debug */ = {
			isa = XCBuildConfiguration;
			buildSettings = {
				ASSETCATALOG_COMPILER_GENERATE_SWIFT_ASSET_SYMBOL_EXTENSIONS = YES;
				BUNDLE_LOADER = "$(TEST_HOST)";
				CLANG_ANALYZER_NONNULL = YES;
				CLANG_ANALYZER_NUMBER_OBJECT_CONVERSION = YES_AGGRESSIVE;
				CLANG_CXX_LANGUAGE_STANDARD = "gnu++20";
				CLANG_ENABLE_OBJC_ARC = YES;
				CLANG_ENABLE_OBJC_WEAK = YES;
				CLANG_WARN_BLOCK_CAPTURE_AUTORELEASING = YES;
				CLANG_WARN_BOOL_CONVERSION = YES;
				CLANG_WARN_COMMA = YES;
				CLANG_WARN_CONSTANT_CONVERSION = YES;
				CLANG_WARN_DEPRECATED_OBJC_IMPLEMENTATIONS = YES;
				CLANG_WARN_DIRECT_OBJC_ISA_USAGE = YES_ERROR;
				CLANG_WARN_DOCUMENTATION_COMMENTS = YES;
				CLANG_WARN_EMPTY_BODY = YES;
				CLANG_WARN_ENUM_CONVERSION = YES;
				CLANG_WARN_INFINITE_RECURSION = YES;
				CLANG_WARN_INT_CONVERSION = YES;
				CLANG_WARN_NON_LITERAL_NULL_CONVERSION = YES;
				CLANG_WARN_OBJC_IMPLICIT_RETAIN_SELF = YES;
				CLANG_WARN_OBJC_LITERAL_CONVERSION = YES;
				CLANG_WARN_OBJC_ROOT_CLASS = YES_ERROR;
				CLANG_WARN_QUOTED_INCLUDE_IN_FRAMEWORK_HEADER = YES;
				CLANG_WARN_RANGE_LOOP_ANALYSIS = YES;
				CLANG_WARN_STRICT_PROTOTYPES = YES;
				CLANG_WARN_SUSPICIOUS_MOVE = YES;
				CLANG_WARN_UNGUARDED_AVAILABILITY = YES_AGGRESSIVE;
				CLANG_WARN_UNREACHABLE_CODE = YES;
				CLANG_WARN__DUPLICATE_METHOD_MATCH = YES;
				CODE_SIGN_STYLE = Automatic;
				CURRENT_PROJECT_VERSION = 1;
				ENABLE_STRICT_OBJC_MSGSEND = YES;
				ENABLE_USER_SCRIPT_SANDBOXING = YES;
				GCC_C_LANGUAGE_STANDARD = gnu17;
				GCC_DYNAMIC_NO_PIC = NO;
				GCC_NO_COMMON_BLOCKS = YES;
				GCC_PREPROCESSOR_DEFINITIONS = (
					"DEBUG=1",
					"$(inherited)",
				);
				GCC_WARN_64_TO_32_BIT_CONVERSION = YES;
				GCC_WARN_ABOUT_RETURN_TYPE = YES_ERROR;
				GCC_WARN_UNDECLARED_SELECTOR = YES;
				GCC_WARN_UNINITIALIZED_AUTOS = YES_AGGRESSIVE;
				GCC_WARN_UNUSED_FUNCTION = YES;
				GCC_WARN_UNUSED_VARIABLE = YES;
				GENERATE_INFOPLIST_FILE = YES;
				IPHONEOS_DEPLOYMENT_TARGET = 18.0;
				LOCALIZATION_PREFERS_STRING_CATALOGS = YES;
				MACOSX_DEPLOYMENT_TARGET = 15.0;
				MARKETING_VERSION = 1.0;
				MTL_ENABLE_DEBUG_INFO = INCLUDE_SOURCE;
				MTL_FAST_MATH = YES;
				PRODUCT_BUNDLE_IDENTIFIER = iti.sportyTests;
				PRODUCT_NAME = "$(TARGET_NAME)";
				SDKROOT = auto;
				SUPPORTED_PLATFORMS = "iphoneos iphonesimulator macosx xros xrsimulator";
				SWIFT_ACTIVE_COMPILATION_CONDITIONS = "DEBUG $(inherited)";
				SWIFT_EMIT_LOC_STRINGS = NO;
				SWIFT_VERSION = 5.0;
				TARGETED_DEVICE_FAMILY = "1,2,7";
				TEST_HOST = "$(BUILT_PRODUCTS_DIR)/sporty.app/$(BUNDLE_EXECUTABLE_FOLDER_PATH)/sporty";
				XROS_DEPLOYMENT_TARGET = 2.0;
			};
			name = Debug;
		};
		568C66AA2FD31683005FB5EA /* Release */ = {
			isa = XCBuildConfiguration;
			buildSettings = {
				ASSETCATALOG_COMPILER_GENERATE_SWIFT_ASSET_SYMBOL_EXTENSIONS = YES;
				BUNDLE_LOADER = "$(TEST_HOST)";
				CLANG_ANALYZER_NONNULL = YES;
				CLANG_ANALYZER_NUMBER_OBJECT_CONVERSION = YES_AGGRESSIVE;
				CLANG_CXX_LANGUAGE_STANDARD = "gnu++20";
				CLANG_ENABLE_OBJC_ARC = YES;
				CLANG_ENABLE_OBJC_WEAK = YES;
				CLANG_WARN_BLOCK_CAPTURE_AUTORELEASING = YES;
				CLANG_WARN_BOOL_CONVERSION = YES;
				CLANG_WARN_COMMA = YES;
				CLANG_WARN_CONSTANT_CONVERSION = YES;
				CLANG_WARN_DEPRECATED_OBJC_IMPLEMENTATIONS = YES;
				CLANG_WARN_DIRECT_OBJC_ISA_USAGE = YES_ERROR;
				CLANG_WARN_DOCUMENTATION_COMMENTS = YES;
				CLANG_WARN_EMPTY_BODY = YES;
				CLANG_WARN_ENUM_CONVERSION = YES;
				CLANG_WARN_INFINITE_RECURSION = YES;
				CLANG_WARN_INT_CONVERSION = YES;
				CLANG_WARN_NON_LITERAL_NULL_CONVERSION = YES;
				CLANG_WARN_OBJC_IMPLICIT_RETAIN_SELF = YES;
				CLANG_WARN_OBJC_LITERAL_CONVERSION = YES;
				CLANG_WARN_OBJC_ROOT_CLASS = YES_ERROR;
				CLANG_WARN_QUOTED_INCLUDE_IN_FRAMEWORK_HEADER = YES;
				CLANG_WARN_RANGE_LOOP_ANALYSIS = YES;
				CLANG_WARN_STRICT_PROTOTYPES = YES;
				CLANG_WARN_SUSPICIOUS_MOVE = YES;
				CLANG_WARN_UNGUARDED_AVAILABILITY = YES_AGGRESSIVE;
				CLANG_WARN_UNREACHABLE_CODE = YES;
				CLANG_WARN__DUPLICATE_METHOD_MATCH = YES;
				CODE_SIGN_STYLE = Automatic;
				CURRENT_PROJECT_VERSION = 1;
				ENABLE_NS_ASSERTIONS = NO;
				ENABLE_STRICT_OBJC_MSGSEND = YES;
				ENABLE_USER_SCRIPT_SANDBOXING = YES;
				GCC_C_LANGUAGE_STANDARD = gnu17;
				GCC_NO_COMMON_BLOCKS = YES;
				GCC_WARN_64_TO_32_BIT_CONVERSION = YES;
				GCC_WARN_ABOUT_RETURN_TYPE = YES_ERROR;
				GCC_WARN_UNDECLARED_SELECTOR = YES;
				GCC_WARN_UNINITIALIZED_AUTOS = YES_AGGRESSIVE;
				GCC_WARN_UNUSED_FUNCTION = YES;
				GCC_WARN_UNUSED_VARIABLE = YES;
				GENERATE_INFOPLIST_FILE = YES;
				IPHONEOS_DEPLOYMENT_TARGET = 18.0;
				LOCALIZATION_PREFERS_STRING_CATALOGS = YES;
				MACOSX_DEPLOYMENT_TARGET = 15.0;
				MARKETING_VERSION = 1.0;
				MTL_ENABLE_DEBUG_INFO = NO;
				MTL_FAST_MATH = YES;
				PRODUCT_BUNDLE_IDENTIFIER = iti.sportyTests;
				PRODUCT_NAME = "$(TARGET_NAME)";
				SDKROOT = auto;
				SUPPORTED_PLATFORMS = "iphoneos iphonesimulator macosx xros xrsimulator";
				SWIFT_EMIT_LOC_STRINGS = NO;
				SWIFT_VERSION = 5.0;
				TARGETED_DEVICE_FAMILY = "1,2,7";
				TEST_HOST = "$(BUILT_PRODUCTS_DIR)/sporty.app/$(BUNDLE_EXECUTABLE_FOLDER_PATH)/sporty";
				XROS_DEPLOYMENT_TARGET = 2.0;
			};
			name = Release;
		};
		E02A69212FBF0E3700CF6BE2 /* Debug */ = {
			isa = XCBuildConfiguration;
			buildSettings = {
				ALWAYS_SEARCH_USER_PATHS = NO;
				CLANG_ENABLE_MODULES = YES;
				COPY_PHASE_STRIP = NO;
				DEBUG_INFORMATION_FORMAT = dwarf;
				ENABLE_TESTABILITY = YES;
				GCC_C_LANGUAGE_STANDARD = gnu11;
				GCC_OPTIMIZATION_LEVEL = 0;
				IPHONEOS_DEPLOYMENT_TARGET = 16.1;
				ONLY_ACTIVE_ARCH = YES;
				SDKROOT = iphoneos;
				SWIFT_ACTIVE_COMPILATION_CONDITIONS = DEBUG;
				SWIFT_OPTIMIZATION_LEVEL = "-Onone";
			};
			name = Debug;
		};
		E02A69222FBF0E3700CF6BE2 /* Release */ = {
			isa = XCBuildConfiguration;
			buildSettings = {
				ALWAYS_SEARCH_USER_PATHS = NO;
				CLANG_ENABLE_MODULES = YES;
				COPY_PHASE_STRIP = NO;
				DEBUG_INFORMATION_FORMAT = "dwarf-with-dsym";
				GCC_C_LANGUAGE_STANDARD = gnu11;
				IPHONEOS_DEPLOYMENT_TARGET = 16.1;
				SDKROOT = iphoneos;
				SWIFT_COMPILATION_MODE = wholemodule;
				SWIFT_OPTIMIZATION_LEVEL = "-O";
			};
			name = Release;
		};
		E02A69242FBF0E3700CF6BE2 /* Debug */ = {
			isa = XCBuildConfiguration;
			buildSettings = {
				ASSETCATALOG_COMPILER_APPICON_NAME = AppIcon;
				ASSETCATALOG_COMPILER_GLOBAL_ACCENT_COLOR_NAME = AccentColor;
				CODE_SIGN_STYLE = Automatic;
				CURRENT_PROJECT_VERSION = 1;
				GENERATE_INFOPLIST_FILE = YES;
				INFOPLIST_FILE = sporty/Info.plist;
				INFOPLIST_KEY_UILaunchStoryboardName = LaunchScreen;
				INFOPLIST_KEY_UIMainStoryboardFile = Main;
				LD_RUNPATH_SEARCH_PATHS = (
					"$(inherited)",
					"@executable_path/Frameworks",
				);
				MARKETING_VERSION = 1.0;
				PRODUCT_BUNDLE_IDENTIFIER = com.ahmad.sporty;
				PRODUCT_NAME = "$(TARGET_NAME)";
				SWIFT_VERSION = 5.0;
				TARGETED_DEVICE_FAMILY = "1,2";
			};
			name = Debug;
		};
		E02A69252FBF0E3700CF6BE2 /* Release */ = {
			isa = XCBuildConfiguration;
			buildSettings = {
				ASSETCATALOG_COMPILER_APPICON_NAME = AppIcon;
				ASSETCATALOG_COMPILER_GLOBAL_ACCENT_COLOR_NAME = AccentColor;
				CODE_SIGN_STYLE = Automatic;
				CURRENT_PROJECT_VERSION = 1;
				GENERATE_INFOPLIST_FILE = YES;
				INFOPLIST_FILE = sporty/Info.plist;
				INFOPLIST_KEY_UILaunchStoryboardName = LaunchScreen;
				INFOPLIST_KEY_UIMainStoryboardFile = Main;
				LD_RUNPATH_SEARCH_PATHS = (
					"$(inherited)",
					"@executable_path/Frameworks",
				);
				MARKETING_VERSION = 1.0;
				PRODUCT_BUNDLE_IDENTIFIER = com.ahmad.sporty;
				PRODUCT_NAME = "$(TARGET_NAME)";
				SWIFT_VERSION = 5.0;
				TARGETED_DEVICE_FAMILY = "1,2";
			};
			name = Release;
		};
/* End XCBuildConfiguration section */

/* Begin XCConfigurationList section */
		568C66AB2FD31683005FB5EA /* Build configuration list for PBXNativeTarget "sportyTests" */ = {
			isa = XCConfigurationList;
			buildConfigurations = (
				568C66A92FD31683005FB5EA /* Debug */,
				568C66AA2FD31683005FB5EA /* Release */,
			);
			defaultConfigurationIsVisible = 0;
			defaultConfigurationName = Release;
		};
		E02A690A2FBF0E3400CF6BE2 /* Build configuration list for PBXProject "sporty" */ = {
			isa = XCConfigurationList;
			buildConfigurations = (
				E02A69212FBF0E3700CF6BE2 /* Debug */,
				E02A69222FBF0E3700CF6BE2 /* Release */,
			);
			defaultConfigurationIsVisible = 0;
			defaultConfigurationName = Release;
		};
		E02A69232FBF0E3700CF6BE2 /* Build configuration list for PBXNativeTarget "sporty" */ = {
			isa = XCConfigurationList;
			buildConfigurations = (
				E02A69242FBF0E3700CF6BE2 /* Debug */,
				E02A69252FBF0E3700CF6BE2 /* Release */,
			);
			defaultConfigurationIsVisible = 0;
			defaultConfigurationName = Release;
		};
/* End XCConfigurationList section */

/* Begin XCRemoteSwiftPackageReference section */
		E0B2DBAE2FD1C27600AC2F8D /* XCRemoteSwiftPackageReference "Alamofire" */ = {
			isa = XCRemoteSwiftPackageReference;
			repositoryURL = "https://github.com/Alamofire/Alamofire";
			requirement = {
				kind = upToNextMajorVersion;
				minimumVersion = 5.0.0;
			};
		};
		E0D8063D2FD0624E00729663 /* XCRemoteSwiftPackageReference "SDWebImage" */ = {
			isa = XCRemoteSwiftPackageReference;
			repositoryURL = "https://github.com/SDWebImage/SDWebImage.git";
			requirement = {
				kind = exactVersion;
				version = 5.19.7;
			};
		};
/* End XCRemoteSwiftPackageReference section */

/* Begin XCSwiftPackageProductDependency section */
		E0B2DBAF2FD1C27600AC2F8D /* Alamofire */ = {
			isa = XCSwiftPackageProductDependency;
			package = E0B2DBAE2FD1C27600AC2F8D /* XCRemoteSwiftPackageReference "Alamofire" */;
			productName = Alamofire;
		};
		E0D8063E2FD0624F00729663 /* SDWebImage */ = {
			isa = XCSwiftPackageProductDependency;
			package = E0D8063D2FD0624E00729663 /* XCRemoteSwiftPackageReference "SDWebImage" */;
			productName = SDWebImage;
		};
		E0D806402FD0624F00729663 /* SDWebImageMapKit */ = {
			isa = XCSwiftPackageProductDependency;
			package = E0D8063D2FD0624E00729663 /* XCRemoteSwiftPackageReference "SDWebImage" */;
			productName = SDWebImageMapKit;
		};
/* End XCSwiftPackageProductDependency section */

/* Begin XCVersionGroup section */
		560EF2FA2FCF115500311F6E /* sporty.xcdatamodeld */ = {
			isa = XCVersionGroup;
			children = (
				560EF2FB2FCF115500311F6E /* sporty.xcdatamodel */,
			);
			currentVersion = 560EF2FB2FCF115500311F6E /* sporty.xcdatamodel */;
			path = sporty.xcdatamodeld;
			sourceTree = "<group>";
			versionGroupType = wrapper.xcdatamodel;
		};
/* End XCVersionGroup section */
	};
	rootObject = E02A69072FBF0E3400CF6BE2 /* Project object */;
}
