// !$*UTF8*$!
{
	archiveVersion = 1;
	classes = {
	};
	objectVersion = 70;
	objects = {

/* Begin PBXBuildFile section */
		560AC14C2FCC86A700871752 /* Favorites.storyboard in Resources */ = {isa = PBXBuildFile; fileRef = 560AC1432FCC86A700871752 /* Favorites.storyboard */; };
		560AC14D2FCC86A700871752 /* Main.storyboard in Resources */ = {isa = PBXBuildFile; fileRef = 560AC1482FCC86A700871752 /* Main.storyboard */; };
		560AC14E2FCC86A700871752 /* league.storyboard in Resources */ = {isa = PBXBuildFile; fileRef = 560AC1462FCC86A700871752 /* league.storyboard */; };
		560AC14F2FCC86A700871752 /* LaunchScreen.storyboard in Resources */ = {isa = PBXBuildFile; fileRef = 560AC1452FCC86A700871752 /* LaunchScreen.storyboard */; };
		560AC1502FCC86A700871752 /* SquadScreen.storyboard in Resources */ = {isa = PBXBuildFile; fileRef = 560AC14A2FCC86A700871752 /* SquadScreen.storyboard */; };
		560AC1512FCC86A700871752 /* MainLeague.storyboard in Resources */ = {isa = PBXBuildFile; fileRef = 560AC1492FCC86A700871752 /* MainLeague.storyboard */; };
		560EF2FC2FCF115500311F6E /* sporty.xcdatamodeld in Sources */ = {isa = PBXBuildFile; fileRef = 560EF2FA2FCF115500311F6E /* sporty.xcdatamodeld */; };
		5660EC4B2FCC808C006758A3 /* FavoriteTableViewCell.swift in Sources */ = {isa = PBXBuildFile; fileRef = 5660EC492FCC808C006758A3 /* FavoriteTableViewCell.swift */; };
		5660EC4C2FCC808C006758A3 /* FavoritesTableViewController.swift in Sources */ = {isa = PBXBuildFile; fileRef = 5660EC482FCC808C006758A3 /* FavoritesTableViewController.swift */; };
		56916A732FBF1F500011E66B /* HomeViewController.swift in Sources */ = {isa = PBXBuildFile; fileRef = 56916A702FBF1F500011E66B /* HomeViewController.swift */; };
		56916A742FBF1F500011E66B /* SportsCell.swift in Sources */ = {isa = PBXBuildFile; fileRef = 56916A712FBF1F500011E66B /* SportsCell.swift */; };
		56916A752FBF1F500011E66B /* HomePresenter.swift in Sources */ = {isa = PBXBuildFile; fileRef = 56916A722FBF1F500011E66B /* HomePresenter.swift */; };
		56918A792FCD955000FD9731 /* MainLeaguePresenter.swift in Sources */ = {isa = PBXBuildFile; fileRef = 56918A782FCD955000FD9731 /* MainLeaguePresenter.swift */; };
		56918A7C2FCDABDE00FD9731 /* LeaguePresenter.swift in Sources */ = {isa = PBXBuildFile; fileRef = 56918A7A2FCDABDE00FD9731 /* LeaguePresenter.swift */; };
		56918A7F2FCDB15C00FD9731 /* SDWebImage in Frameworks */ = {isa = PBXBuildFile; productRef = 56918A7E2FCDB15C00FD9731 /* SDWebImage */; };
		56918A812FCDB15C00FD9731 /* SDWebImageMapKit in Frameworks */ = {isa = PBXBuildFile; productRef = 56918A802FCDB15C00FD9731 /* SDWebImageMapKit */; };
		56C33E542FCC82CF00DED72C /* LeagueViewController.swift in Sources */ = {isa = PBXBuildFile; fileRef = 56C33E512FCC82CF00DED72C /* LeagueViewController.swift */; };
		56C33E552FCC82CF00DED72C /* LeagueCell.swift in Sources */ = {isa = PBXBuildFile; fileRef = 56C33E502FCC82CF00DED72C /* LeagueCell.swift */; };
		56C33E5A2FCC82E100DED72C /* PlayerTableViewCell.swift in Sources */ = {isa = PBXBuildFile; fileRef = 56C33E562FCC82E100DED72C /* PlayerTableViewCell.swift */; };
		56C33E5B2FCC82E100DED72C /* SquadViewController.swift in Sources */ = {isa = PBXBuildFile; fileRef = 56C33E572FCC82E100DED72C /* SquadViewController.swift */; };
		56EC41D02FCF28EA0022CAF9 /* Alamofire in Frameworks */ = {isa = PBXBuildFile; productRef = 56EC41CF2FCF28EA0022CAF9 /* Alamofire */; };
		E02A69132FBF0E3400CF6BE2 /* AppDelegate.swift in Sources */ = {isa = PBXBuildFile; fileRef = E02A69122FBF0E3400CF6BE2 /* AppDelegate.swift */; };
		E02A69152FBF0E3400CF6BE2 /* SceneDelegate.swift in Sources */ = {isa = PBXBuildFile; fileRef = E02A69142FBF0E3400CF6BE2 /* SceneDelegate.swift */; };
		E02A69172FBF0E3400CF6BE2 /* ViewController.swift in Sources */ = {isa = PBXBuildFile; fileRef = E02A69162FBF0E3400CF6BE2 /* ViewController.swift */; };
		E02A691C2FBF0E3700CF6BE2 /* Assets.xcassets in Resources */ = {isa = PBXBuildFile; fileRef = E02A691B2FBF0E3700CF6BE2 /* Assets.xcassets */; };
		E079EF142FC5E71400B98EC5 /* MainLeagueViewController.swift in Sources */ = {isa = PBXBuildFile; fileRef = E079EF132FC5E71400B98EC5 /* MainLeagueViewController.swift */; };
		E079EF162FC5EAFE00B98EC5 /* UpComingEventCellCollectionViewCell.swift in Sources */ = {isa = PBXBuildFile; fileRef = E079EF152FC5EAFE00B98EC5 /* UpComingEventCellCollectionViewCell.swift */; };
		E079EF182FC5F57200B98EC5 /* TeamCollectionViewCell.swift in Sources */ = {isa = PBXBuildFile; fileRef = E079EF172FC5F57200B98EC5 /* TeamCollectionViewCell.swift */; };
		E0C2723B2FCDB00100609BE2 /* NetworkManager.swift in Sources */ = {isa = PBXBuildFile; fileRef = E0C2723A2FCDB00100609BE2 /* NetworkManager.swift */; };
		E0C272452FCDB94F00609BE2 /* SquadPresenterProtocol.swift in Sources */ = {isa = PBXBuildFile; fileRef = E0C272442FCDB94F00609BE2 /* SquadPresenterProtocol.swift */; };
		E0C272472FCDB9A900609BE2 /* SqaudPresenter.swift in Sources */ = {isa = PBXBuildFile; fileRef = E0C272462FCDB9A900609BE2 /* SqaudPresenter.swift */; };
/* End PBXBuildFile section */

/* Begin PBXCopyFilesBuildPhase section */
		567E121A2FCF277B00D806E5 /* Embed Frameworks */ = {
			isa = PBXCopyFilesBuildPhase;
			buildActionMask = 2147483647;
			dstPath = "";
			dstSubfolderSpec = 10;
			files = (
			);
			name = "Embed Frameworks";
			runOnlyForDeploymentPostprocessing = 0;
		};
/* End PBXCopyFilesBuildPhase section */

/* Begin PBXFileReference section */
		560AC1432FCC86A700871752 /* Favorites.storyboard */ = {isa = PBXFileReference; lastKnownFileType = file.storyboard; path = Favorites.storyboard; sourceTree = "<group>"; };
		560AC1442FCC86A700871752 /* Base */ = {isa = PBXFileReference; lastKnownFileType = file.storyboard; name = Base; path = Base.lproj/LaunchScreen.storyboard; sourceTree = "<group>"; };
		560AC1462FCC86A700871752 /* league.storyboard */ = {isa = PBXFileReference; lastKnownFileType = file.storyboard; path = league.storyboard; sourceTree = "<group>"; };
		560AC1472FCC86A700871752 /* Base */ = {isa = PBXFileReference; lastKnownFileType = file.storyboard; name = Base; path = Base.lproj/Main.storyboard; sourceTree = "<group>"; };
		560AC1492FCC86A700871752 /* MainLeague.storyboard */ = {isa = PBXFileReference; lastKnownFileType = file.storyboard; path = MainLeague.storyboard; sourceTree = "<group>"; };
		560AC14A2FCC86A700871752 /* SquadScreen.storyboard */ = {isa = PBXFileReference; lastKnownFileType = file.storyboard; path = SquadScreen.storyboard; sourceTree = "<group>"; };
		560EF2FB2FCF115500311F6E /* sporty.xcdatamodel */ = {isa = PBXFileReference; lastKnownFileType = wrapper.xcdatamodel; path = sporty.xcdatamodel; sourceTree = "<group>"; };
		5660EC482FCC808C006758A3 /* FavoritesTableViewController.swift */ = {isa = PBXFileReference; lastKnownFileType = sourcecode.swift; path = FavoritesTableViewController.swift; sourceTree = "<group>"; };
		5660EC492FCC808C006758A3 /* FavoriteTableViewCell.swift */ = {isa = PBXFileReference; lastKnownFileType = sourcecode.swift; path = FavoriteTableViewCell.swift; sourceTree = "<group>"; };
		56916A702FBF1F500011E66B /* HomeViewController.swift */ = {isa = PBXFileReference; lastKnownFileType = sourcecode.swift; path = HomeViewController.swift; sourceTree = "<group>"; };
		56916A712FBF1F500011E66B /* SportsCell.swift */ = {isa = PBXFileReference; lastKnownFileType = sourcecode.swift; path = SportsCell.swift; sourceTree = "<group>"; };
		56916A722FBF1F500011E66B /* HomePresenter.swift */ = {isa = PBXFileReference; lastKnownFileType = sourcecode.swift; path = HomePresenter.swift; sourceTree = "<group>"; };
		56918A782FCD955000FD9731 /* MainLeaguePresenter.swift */ = {isa = PBXFileReference; lastKnownFileType = sourcecode.swift; name = MainLeaguePresenter.swift; path = "sporty/Module/Main League/MainLeaguePresenter.swift"; sourceTree = SOURCE_ROOT; };
		56918A7A2FCDABDE00FD9731 /* LeaguePresenter.swift */ = {isa = PBXFileReference; lastKnownFileType = sourcecode.swift; path = LeaguePresenter.swift; sourceTree = "<group>"; };
		56C33E502FCC82CF00DED72C /* LeagueCell.swift */ = {isa = PBXFileReference; lastKnownFileType = sourcecode.swift; path = LeagueCell.swift; sourceTree = "<group>"; };
		56C33E512FCC82CF00DED72C /* LeagueViewController.swift */ = {isa = PBXFileReference; lastKnownFileType = sourcecode.swift; path = LeagueViewController.swift; sourceTree = "<group>"; };
		56C33E562FCC82E100DED72C /* PlayerTableViewCell.swift */ = {isa = PBXFileReference; lastKnownFileType = sourcecode.swift; path = PlayerTableViewCell.swift; sourceTree = "<group>"; };
		56C33E572FCC82E100DED72C /* SquadViewController.swift */ = {isa = PBXFileReference; lastKnownFileType = sourcecode.swift; path = SquadViewController.swift; sourceTree = "<group>"; };
		E02A690F2FBF0E3400CF6BE2 /* sporty.app */ = {isa = PBXFileReference; explicitFileType = wrapper.application; includeInIndex = 0; path = sporty.app; sourceTree = BUILT_PRODUCTS_DIR; };
		E02A69122FBF0E3400CF6BE2 /* AppDelegate.swift */ = {isa = PBXFileReference; lastKnownFileType = sourcecode.swift; path = AppDelegate.swift; sourceTree = "<group>"; };
		E02A69142FBF0E3400CF6BE2 /* SceneDelegate.swift */ = {isa = PBXFileReference; lastKnownFileType = sourcecode.swift; path = SceneDelegate.swift; sourceTree = "<group>"; };
		E02A69162FBF0E3400CF6BE2 /* ViewController.swift */ = {isa = PBXFileReference; lastKnownFileType = sourcecode.swift; path = ViewController.swift; sourceTree = "<group>"; };
		E02A691B2FBF0E3700CF6BE2 /* Assets.xcassets */ = {isa = PBXFileReference; lastKnownFileType = folder.assetcatalog; path = Assets.xcassets; sourceTree = "<group>"; };
		E02A69202FBF0E3700CF6BE2 /* Info.plist */ = {isa = PBXFileReference; lastKnownFileType = text.plist.xml; path = Info.plist; sourceTree = "<group>"; };
		E079EF132FC5E71400B98EC5 /* MainLeagueViewController.swift */ = {isa = PBXFileReference; lastKnownFileType = sourcecode.swift; name = MainLeagueViewController.swift; path = "sporty/Module/Main League/View/MainLeagueViewController.swift"; sourceTree = SOURCE_ROOT; };
		E079EF152FC5EAFE00B98EC5 /* UpComingEventCellCollectionViewCell.swift */ = {isa = PBXFileReference; lastKnownFileType = sourcecode.swift; path = UpComingEventCellCollectionViewCell.swift; sourceTree = "<group>"; };
		E079EF172FC5F57200B98EC5 /* TeamCollectionViewCell.swift */ = {isa = PBXFileReference; lastKnownFileType = sourcecode.swift; path = TeamCollectionViewCell.swift; sourceTree = "<group>"; };
		E0C2723A2FCDB00100609BE2 /* NetworkManager.swift */ = {isa = PBXFileReference; lastKnownFileType = sourcecode.swift; path = NetworkManager.swift; sourceTree = "<group>"; };
		E0C272442FCDB94F00609BE2 /* SquadPresenterProtocol.swift */ = {isa = PBXFileReference; lastKnownFileType = sourcecode.swift; path = SquadPresenterProtocol.swift; sourceTree = "<group>"; };
		E0C272462FCDB9A900609BE2 /* SqaudPresenter.swift */ = {isa = PBXFileReference; lastKnownFileType = sourcecode.swift; path = SqaudPresenter.swift; sourceTree = "<group>"; };
/* End PBXFileReference section */

/* Begin PBXFileSystemSynchronizedRootGroup section */
		560EF2FD2FCF136700311F6E /* Presenter */ = {isa = PBXFileSystemSynchronizedRootGroup; explicitFileTypes = {}; explicitFolders = (); path = Presenter; sourceTree = "<group>"; };
		5611BDDD2FCF0C430011ABFF /* models */ = {isa = PBXFileSystemSynchronizedRootGroup; explicitFileTypes = {}; explicitFolders = (); path = models; sourceTree = "<group>"; };
		5611BDDE2FCF0C4D0011ABFF /* models */ = {isa = PBXFileSystemSynchronizedRootGroup; explicitFileTypes = {}; explicitFolders = (); name = models; path = sporty/models; sourceTree = "<group>"; };
		5611BDE52FCF0C8A0011ABFF /* localDataSource */ = {isa = PBXFileSystemSynchronizedRootGroup; explicitFileTypes = {}; explicitFolders = (); path = localDataSource; sourceTree = "<group>"; };
		5611BDE62FCF0C980011ABFF /* localDataSource */ = {isa = PBXFileSystemSynchronizedRootGroup; explicitFileTypes = {}; explicitFolders = (); name = localDataSource; path = sporty/localDataSource; sourceTree = "<group>"; };
/* End PBXFileSystemSynchronizedRootGroup section */

/* Begin PBXFrameworksBuildPhase section */
		E02A690C2FBF0E3400CF6BE2 /* Frameworks */ = {
			isa = PBXFrameworksBuildPhase;
			buildActionMask = 2147483647;
			files = (
				56EC41D02FCF28EA0022CAF9 /* Alamofire in Frameworks */,
				56918A7F2FCDB15C00FD9731 /* SDWebImage in Frameworks */,
				56918A812FCDB15C00FD9731 /* SDWebImageMapKit in Frameworks */,
			);
			runOnlyForDeploymentPostprocessing = 0;
		};
/* End PBXFrameworksBuildPhase section */

/* Begin PBXGroup section */
		560AC14B2FCC86A700871752 /* View */ = {
			isa = PBXGroup;
			children = (
				560AC1432FCC86A700871752 /* Favorites.storyboard */,
				560AC1452FCC86A700871752 /* LaunchScreen.storyboard */,
				560AC1462FCC86A700871752 /* league.storyboard */,
				560AC1482FCC86A700871752 /* Main.storyboard */,
				560AC1492FCC86A700871752 /* MainLeague.storyboard */,
				560AC14A2FCC86A700871752 /* SquadScreen.storyboard */,
			);
			path = View;
			sourceTree = "<group>";
		};
		5660EC4A2FCC808C006758A3 /* View */ = {
			isa = PBXGroup;
			children = (
				5660EC482FCC808C006758A3 /* FavoritesTableViewController.swift */,
				5660EC492FCC808C006758A3 /* FavoriteTableViewCell.swift */,
			);
			path = View;
			sourceTree = "<group>";
		};
		56916A6D2FBF1F080011E66B /* Model */ = {
			isa = PBXGroup;
			children = (
				5611BDDE2FCF0C4D0011ABFF /* models */,
				5611BDE62FCF0C980011ABFF /* localDataSource */,
			);
			path = Model;
			sourceTree = "<group>";
		};
		56916A6F2FBF1F280011E66B /* Module */ = {
			isa = PBXGroup;
			children = (
				56C33E592FCC82E100DED72C /* SquadPage */,
				56C33E532FCC82CF00DED72C /* LeaguePage */,
				56C236002FC1EE3A00ADAEB7 /* Favorite */,
				E079EF0E2FC5E65900B98EC5 /* Main League */,
				56916A762FBF1F600011E66B /* Home */,
			);
			path = Module;
			sourceTree = "<group>";
		};
		56916A762FBF1F600011E66B /* Home */ = {
			isa = PBXGroup;
			children = (
				56916A772FBF1F700011E66B /* Home_View */,
				56916A782FBF1F800011E66B /* Presenter */,
			);
			path = Home;
			sourceTree = "<group>";
		};
		56916A772FBF1F700011E66B /* Home_View */ = {
			isa = PBXGroup;
			children = (
				56916A702FBF1F500011E66B /* HomeViewController.swift */,
				56916A712FBF1F500011E66B /* SportsCell.swift */,
			);
			path = Home_View;
			sourceTree = "<group>";
		};
		56916A782FBF1F800011E66B /* Presenter */ = {
			isa = PBXGroup;
			children = (
				56916A722FBF1F500011E66B /* HomePresenter.swift */,
			);
			path = Presenter;
			sourceTree = "<group>";
		};
		56918A7B2FCDABDE00FD9731 /* Presenter */ = {
			isa = PBXGroup;
			children = (
				56918A7A2FCDABDE00FD9731 /* LeaguePresenter.swift */,
			);
			path = Presenter;
			sourceTree = "<group>";
		};
		56C236002FC1EE3A00ADAEB7 /* Favorite */ = {
			isa = PBXGroup;
			children = (
				560EF2FD2FCF136700311F6E /* Presenter */,
				5660EC4A2FCC808C006758A3 /* View */,
			);
			path = Favorite;
			sourceTree = "<group>";
		};
		56C33E522FCC82CF00DED72C /* View */ = {
			isa = PBXGroup;
			children = (
				56C33E502FCC82CF00DED72C /* LeagueCell.swift */,
				56C33E512FCC82CF00DED72C /* LeagueViewController.swift */,
			);
			path = View;
			sourceTree = "<group>";
		};
		56C33E532FCC82CF00DED72C /* LeaguePage */ = {
			isa = PBXGroup;
			children = (
				56918A7B2FCDABDE00FD9731 /* Presenter */,
				56C33E522FCC82CF00DED72C /* View */,
			);
			path = LeaguePage;
			sourceTree = "<group>";
		};
		56C33E582FCC82E100DED72C /* View */ = {
			isa = PBXGroup;
			children = (
				56C33E562FCC82E100DED72C /* PlayerTableViewCell.swift */,
				56C33E572FCC82E100DED72C /* SquadViewController.swift */,
			);
			path = View;
			sourceTree = "<group>";
		};
		56C33E592FCC82E100DED72C /* SquadPage */ = {
			isa = PBXGroup;
			children = (
				E0C272432FCDB8D500609BE2 /* Presenter */,
				56C33E582FCC82E100DED72C /* View */,
			);
			path = SquadPage;
			sourceTree = "<group>";
		};
		E02A69062FBF0E3400CF6BE2 = {
			isa = PBXGroup;
			children = (
				E02A69112FBF0E3400CF6BE2 /* sporty */,
				E02A69102FBF0E3400CF6BE2 /* Products */,
			);
			sourceTree = "<group>";
		};
		E02A69102FBF0E3400CF6BE2 /* Products */ = {
			isa = PBXGroup;
			children = (
				E02A690F2FBF0E3400CF6BE2 /* sporty.app */,
			);
			name = Products;
			sourceTree = "<group>";
		};
		E02A69112FBF0E3400CF6BE2 /* sporty */ = {
			isa = PBXGroup;
			children = (
				5611BDE52FCF0C8A0011ABFF /* localDataSource */,
				5611BDDD2FCF0C430011ABFF /* models */,
				E0C272392FCDAFE700609BE2 /* Network */,
				560AC14B2FCC86A700871752 /* View */,
				56916A6F2FBF1F280011E66B /* Module */,
				56916A6D2FBF1F080011E66B /* Model */,
				E02A69122FBF0E3400CF6BE2 /* AppDelegate.swift */,
				E02A69142FBF0E3400CF6BE2 /* SceneDelegate.swift */,
				E02A69162FBF0E3400CF6BE2 /* ViewController.swift */,
				E02A691B2FBF0E3700CF6BE2 /* Assets.xcassets */,
				E02A69202FBF0E3700CF6BE2 /* Info.plist */,
				560EF2FA2FCF115500311F6E /* sporty.xcdatamodeld */,
			);
			path = sporty;
			sourceTree = "<group>";
		};
		E079EF0E2FC5E65900B98EC5 /* Main League */ = {
			isa = PBXGroup;
			children = (
				E079EF122FC5E6EF00B98EC5 /* Presenter */,
				E079EF112FC5E6E100B98EC5 /* View */,
			);
			path = "Main League";
			sourceTree = "<group>";
		};
		E079EF112FC5E6E100B98EC5 /* View */ = {
			isa = PBXGroup;
			children = (
				E079EF132FC5E71400B98EC5 /* MainLeagueViewController.swift */,
				E079EF152FC5EAFE00B98EC5 /* UpComingEventCellCollectionViewCell.swift */,
				E079EF172FC5F57200B98EC5 /* TeamCollectionViewCell.swift */,
			);
			path = View;
			sourceTree = "<group>";
		};
		E079EF122FC5E6EF00B98EC5 /* Presenter */ = {
			isa = PBXGroup;
			children = (
				56918A782FCD955000FD9731 /* MainLeaguePresenter.swift */,
			);
			path = Presenter;
			sourceTree = "<group>";
		};
		E0C272392FCDAFE700609BE2 /* Network */ = {
			isa = PBXGroup;
			children = (
				E0C2723A2FCDB00100609BE2 /* NetworkManager.swift */,
			);
			path = Network;
			sourceTree = "<group>";
		};
		E0C272432FCDB8D500609BE2 /* Presenter */ = {
			isa = PBXGroup;
			children = (
				E0C272442FCDB94F00609BE2 /* SquadPresenterProtocol.swift */,
				E0C272462FCDB9A900609BE2 /* SqaudPresenter.swift */,
			);
			path = Presenter;
			sourceTree = "<group>";
		};
/* End PBXGroup section */

/* Begin PBXNativeTarget section */
		E02A690E2FBF0E3400CF6BE2 /* sporty */ = {
			isa = PBXNativeTarget;
			buildConfigurationList = E02A69232FBF0E3700CF6BE2 /* Build configuration list for PBXNativeTarget "sporty" */;
			buildPhases = (
				E02A690B2FBF0E3400CF6BE2 /* Sources */,
				E02A690C2FBF0E3400CF6BE2 /* Frameworks */,
				E02A690D2FBF0E3400CF6BE2 /* Resources */,
				567E121A2FCF277B00D806E5 /* Embed Frameworks */,
			);
			buildRules = (
			);
			dependencies = (
			);
			fileSystemSynchronizedGroups = (
				560EF2FD2FCF136700311F6E /* Presenter */,
				5611BDDD2FCF0C430011ABFF /* models */,
				5611BDDE2FCF0C4D0011ABFF /* models */,
				5611BDE52FCF0C8A0011ABFF /* localDataSource */,
				5611BDE62FCF0C980011ABFF /* localDataSource */,
			);
			name = sporty;
			packageProductDependencies = (
				56918A7E2FCDB15C00FD9731 /* SDWebImage */,
				56918A802FCDB15C00FD9731 /* SDWebImageMapKit */,
				56EC41CF2FCF28EA0022CAF9 /* Alamofire */,
			);
			productName = sporty;
			productReference = E02A690F2FBF0E3400CF6BE2 /* sporty.app */;
			productType = "com.apple.product-type.application";
		};
/* End PBXNativeTarget section */

/* Begin PBXProject section */
		E02A69072FBF0E3400CF6BE2 /* Project object */ = {
			isa = PBXProject;
			attributes = {
				BuildIndependentTargetsInParallel = 1;
				LastSwiftUpdateCheck = 1410;
				LastUpgradeCheck = 1410;
				TargetAttributes = {
					E02A690E2FBF0E3400CF6BE2 = {
						CreatedOnToolsVersion = 14.1;
					};
				};
			};
			buildConfigurationList = E02A690A2FBF0E3400CF6BE2 /* Build configuration list for PBXProject "sporty" */;
			compatibilityVersion = "Xcode 14.0";
			developmentRegion = en;
			hasScannedForEncodings = 0;
			knownRegions = (
				en,
				Base,
			);
			mainGroup = E02A69062FBF0E3400CF6BE2;
			packageReferences = (
				56918A7D2FCDB15C00FD9731 /* XCRemoteSwiftPackageReference "SDWebImage" */,
				56EC41CE2FCF28EA0022CAF9 /* XCRemoteSwiftPackageReference "Alamofire" */,
			);
			productRefGroup = E02A69102FBF0E3400CF6BE2 /* Products */;
			projectDirPath = "";
			projectRoot = "";
			targets = (
				E02A690E2FBF0E3400CF6BE2 /* sporty */,
			);
		};
/* End PBXProject section */

/* Begin PBXResourcesBuildPhase section */
		E02A690D2FBF0E3400CF6BE2 /* Resources */ = {
			isa = PBXResourcesBuildPhase;
			buildActionMask = 2147483647;
			files = (
				560AC14C2FCC86A700871752 /* Favorites.storyboard in Resources */,
				560AC14D2FCC86A700871752 /* Main.storyboard in Resources */,
				560AC14E2FCC86A700871752 /* league.storyboard in Resources */,
				560AC14F2FCC86A700871752 /* LaunchScreen.storyboard in Resources */,
				560AC1502FCC86A700871752 /* SquadScreen.storyboard in Resources */,
				560AC1512FCC86A700871752 /* MainLeague.storyboard in Resources */,
				E02A691C2FBF0E3700CF6BE2 /* Assets.xcassets in Resources */,
			);
			runOnlyForDeploymentPostprocessing = 0;
		};
/* End PBXResourcesBuildPhase section */

/* Begin PBXSourcesBuildPhase section */
		E02A690B2FBF0E3400CF6BE2 /* Sources */ = {
			isa = PBXSourcesBuildPhase;
			buildActionMask = 2147483647;
			files = (
				E0C2723B2FCDB00100609BE2 /* NetworkManager.swift in Sources */,
				E02A69172FBF0E3400CF6BE2 /* ViewController.swift in Sources */,
				56C33E542FCC82CF00DED72C /* LeagueViewController.swift in Sources */,
				56C33E552FCC82CF00DED72C /* LeagueCell.swift in Sources */,
				E02A69132FBF0E3400CF6BE2 /* AppDelegate.swift in Sources */,
				5660EC4B2FCC808C006758A3 /* FavoriteTableViewCell.swift in Sources */,
				5660EC4C2FCC808C006758A3 /* FavoritesTableViewController.swift in Sources */,
				E079EF142FC5E71400B98EC5 /* MainLeagueViewController.swift in Sources */,
				56918A7C2FCDABDE00FD9731 /* LeaguePresenter.swift in Sources */,
				56C33E5A2FCC82E100DED72C /* PlayerTableViewCell.swift in Sources */,
				56C33E5B2FCC82E100DED72C /* SquadViewController.swift in Sources */,
				E02A69152FBF0E3400CF6BE2 /* SceneDelegate.swift in Sources */,
				56916A732FBF1F500011E66B /* HomeViewController.swift in Sources */,
				56918A792FCD955000FD9731 /* MainLeaguePresenter.swift in Sources */,
				56916A742FBF1F500011E66B /* SportsCell.swift in Sources */,
				E0C272452FCDB94F00609BE2 /* SquadPresenterProtocol.swift in Sources */,
				56916A752FBF1F500011E66B /* HomePresenter.swift in Sources */,
				E0C272472FCDB9A900609BE2 /* SqaudPresenter.swift in Sources */,
				560EF2FC2FCF115500311F6E /* sporty.xcdatamodeld in Sources */,
				E079EF162FC5EAFE00B98EC5 /* UpComingEventCellCollectionViewCell.swift in Sources */,
				E079EF182FC5F57200B98EC5 /* TeamCollectionViewCell.swift in Sources */,
			);
			runOnlyForDeploymentPostprocessing = 0;
		};
/* End PBXSourcesBuildPhase section */

/* Begin PBXVariantGroup section */
		560AC1452FCC86A700871752 /* LaunchScreen.storyboard */ = {
			isa = PBXVariantGroup;
			children = (
				560AC1442FCC86A700871752 /* Base */,
			);
			name = LaunchScreen.storyboard;
			sourceTree = "<group>";
		};
		560AC1482FCC86A700871752 /* Main.storyboard */ = {
			isa = PBXVariantGroup;
			children = (
				560AC1472FCC86A700871752 /* Base */,
			);
			name = Main.storyboard;
			sourceTree = "<group>";
		};
/* End PBXVariantGroup section */

/* Begin XCBuildConfiguration section */
		E02A69212FBF0E3700CF6BE2 /* Debug */ = {
			isa = XCBuildConfiguration;
			buildSettings = {
				ALWAYS_SEARCH_USER_PATHS = NO;
				CLANG_ENABLE_MODULES = YES;
				COPY_PHASE_STRIP = NO;
				DEBUG_INFORMATION_FORMAT = dwarf;
				ENABLE_TESTABILITY = YES;
				GCC_C_LANGUAGE_STANDARD = gnu11;
				GCC_OPTIMIZATION_LEVEL = 0;
				IPHONEOS_DEPLOYMENT_TARGET = 16.1;
				ONLY_ACTIVE_ARCH = YES;
				SDKROOT = iphoneos;
				SWIFT_ACTIVE_COMPILATION_CONDITIONS = DEBUG;
				SWIFT_OPTIMIZATION_LEVEL = "-Onone";
			};
			name = Debug;
		};
		E02A69222FBF0E3700CF6BE2 /* Release */ = {
			isa = XCBuildConfiguration;
			buildSettings = {
				ALWAYS_SEARCH_USER_PATHS = NO;
				CLANG_ENABLE_MODULES = YES;
				COPY_PHASE_STRIP = NO;
				DEBUG_INFORMATION_FORMAT = "dwarf-with-dsym";
				GCC_C_LANGUAGE_STANDARD = gnu11;
				IPHONEOS_DEPLOYMENT_TARGET = 16.1;
				SDKROOT = iphoneos;
				SWIFT_COMPILATION_MODE = wholemodule;
				SWIFT_OPTIMIZATION_LEVEL = "-O";
			};
			name = Release;
		};
		E02A69242FBF0E3700CF6BE2 /* Debug */ = {
			isa = XCBuildConfiguration;
			buildSettings = {
				ASSETCATALOG_COMPILER_APPICON_NAME = AppIcon;
				ASSETCATALOG_COMPILER_GLOBAL_ACCENT_COLOR_NAME = AccentColor;
				CODE_SIGN_STYLE = Automatic;
				CURRENT_PROJECT_VERSION = 1;
				GENERATE_INFOPLIST_FILE = YES;
				INFOPLIST_FILE = sporty/Info.plist;
				INFOPLIST_KEY_UILaunchStoryboardName = LaunchScreen;
				INFOPLIST_KEY_UIMainStoryboardFile = Main;
				LD_RUNPATH_SEARCH_PATHS = (
					"$(inherited)",
					"@executable_path/Frameworks",
				);
				MARKETING_VERSION = 1.0;
				PRODUCT_BUNDLE_IDENTIFIER = com.ahmad.sporty;
				PRODUCT_NAME = "$(TARGET_NAME)";
				SWIFT_VERSION = 5.0;
				TARGETED_DEVICE_FAMILY = "1,2";
			};
			name = Debug;
		};
		E02A69252FBF0E3700CF6BE2 /* Release */ = {
			isa = XCBuildConfiguration;
			buildSettings = {
				ASSETCATALOG_COMPILER_APPICON_NAME = AppIcon;
				ASSETCATALOG_COMPILER_GLOBAL_ACCENT_COLOR_NAME = AccentColor;
				CODE_SIGN_STYLE = Automatic;
				CURRENT_PROJECT_VERSION = 1;
				GENERATE_INFOPLIST_FILE = YES;
				INFOPLIST_FILE = sporty/Info.plist;
				INFOPLIST_KEY_UILaunchStoryboardName = LaunchScreen;
				INFOPLIST_KEY_UIMainStoryboardFile = Main;
				LD_RUNPATH_SEARCH_PATHS = (
					"$(inherited)",
					"@executable_path/Frameworks",
				);
				MARKETING_VERSION = 1.0;
				PRODUCT_BUNDLE_IDENTIFIER = com.ahmad.sporty;
				PRODUCT_NAME = "$(TARGET_NAME)";
				SWIFT_VERSION = 5.0;
				TARGETED_DEVICE_FAMILY = "1,2";
			};
			name = Release;
		};
/* End XCBuildConfiguration section */

/* Begin XCConfigurationList section */
		E02A690A2FBF0E3400CF6BE2 /* Build configuration list for PBXProject "sporty" */ = {
			isa = XCConfigurationList;
			buildConfigurations = (
				E02A69212FBF0E3700CF6BE2 /* Debug */,
				E02A69222FBF0E3700CF6BE2 /* Release */,
			);
			defaultConfigurationIsVisible = 0;
			defaultConfigurationName = Release;
		};
		E02A69232FBF0E3700CF6BE2 /* Build configuration list for PBXNativeTarget "sporty" */ = {
			isa = XCConfigurationList;
			buildConfigurations = (
				E02A69242FBF0E3700CF6BE2 /* Debug */,
				E02A69252FBF0E3700CF6BE2 /* Release */,
			);
			defaultConfigurationIsVisible = 0;
			defaultConfigurationName = Release;
		};
/* End XCConfigurationList section */

/* Begin XCRemoteSwiftPackageReference section */
		56918A7D2FCDB15C00FD9731 /* XCRemoteSwiftPackageReference "SDWebImage" */ = {
			isa = XCRemoteSwiftPackageReference;
			repositoryURL = "https://github.com/SDWebImage/SDWebImage.git";
			requirement = {
				kind = upToNextMajorVersion;
				minimumVersion = 5.21.7;
			};
		};
		56EC41CE2FCF28EA0022CAF9 /* XCRemoteSwiftPackageReference "Alamofire" */ = {
			isa = XCRemoteSwiftPackageReference;
			repositoryURL = "https://github.com/Alamofire/Alamofire";
			requirement = {
				kind = upToNextMajorVersion;
				minimumVersion = 5.12.0;
			};
		};
/* End XCRemoteSwiftPackageReference section */

/* Begin XCSwiftPackageProductDependency section */
		56918A7E2FCDB15C00FD9731 /* SDWebImage */ = {
			isa = XCSwiftPackageProductDependency;
			package = 56918A7D2FCDB15C00FD9731 /* XCRemoteSwiftPackageReference "SDWebImage" */;
			productName = SDWebImage;
		};
		56918A802FCDB15C00FD9731 /* SDWebImageMapKit */ = {
			isa = XCSwiftPackageProductDependency;
			package = 56918A7D2FCDB15C00FD9731 /* XCRemoteSwiftPackageReference "SDWebImage" */;
			productName = SDWebImageMapKit;
		};
		56EC41CF2FCF28EA0022CAF9 /* Alamofire */ = {
			isa = XCSwiftPackageProductDependency;
			package = 56EC41CE2FCF28EA0022CAF9 /* XCRemoteSwiftPackageReference "Alamofire" */;
			productName = Alamofire;
		};
/* End XCSwiftPackageProductDependency section */

/* Begin XCVersionGroup section */
		560EF2FA2FCF115500311F6E /* sporty.xcdatamodeld */ = {
			isa = XCVersionGroup;
			children = (
				560EF2FB2FCF115500311F6E /* sporty.xcdatamodel */,
			);
			currentVersion = 560EF2FB2FCF115500311F6E /* sporty.xcdatamodel */;
			path = sporty.xcdatamodeld;
			sourceTree = "<group>";
			versionGroupType = wrapper.xcdatamodel;
		};
/* End XCVersionGroup section */
	};
	rootObject = E02A69072FBF0E3400CF6BE2 /* Project object */;
}
